
Microsoft Visual Studio Solution File, Format Version 12.00
# Visual Studio Version 17
VisualStudioVersion = 17.8.34330.188
MinimumVisualStudioVersion = 10.0.40219.1
Project("{FAE04EC0-301F-11D3-BF4B-00C04F79EFBC}") = "Exercicio - 01", "Exercicio - 01\Exercicio - 01.csproj", "{7EF5C03E-13C3-4AE3-BE3B-62243F309E71}"
EndProject
Global
	GlobalSection(SolutionConfigurationPlatforms) = preSolution
		Debug|Any CPU = Debug|Any CPU
		Release|Any CPU = Release|Any CPU
	EndGlobalSection
	GlobalSection(ProjectConfigurationPlatforms) = postSolution
		{7EF5C03E-13C3-4AE3-BE3B-62243F309E71}.Debug|Any CPU.ActiveCfg = Debug|Any CPU
		{7EF5C03E-13C3-4AE3-BE3B-62243F309E71}.Debug|Any CPU.Build.0 = Debug|Any CPU
		{7EF5C03E-13C3-4AE3-BE3B-62243F309E71}.Release|Any CPU.ActiveCfg = Release|Any CPU
		{7EF5C03E-13C3-4AE3-BE3B-62243F309E71}.Release|Any CPU.Build.0 = Release|Any CPU
	EndGlobalSection
	GlobalSection(SolutionProperties) = preSolution
		HideSolutionNode = FALSE
	EndGlobalSection
	GlobalSection(ExtensibilityGlobals) = postSolution
		SolutionGuid = {EB27F662-7EE0-4C84-9083-48E826750500}
	EndGlobalSection
EndGlobal
